# This file is automatically @generated by Cargo.
# It is not intended for manual editing.
version = 4

[[package]]
name = "agentic-hubspot-crm-demo"
version = "1.1.6"

[[package]]
name = "agentic-research-tavily-agent"
version = "1.1.6"

[[package]]
name = "agentic-research-tavily-demo"
version = "1.1.6"

[[package]]
name = "cards-demo"
version = "1.1.6"

[[package]]
name = "cloud-deploy-demo"
version = "1.1.6"

[[package]]
name = "deep-research-demo"
version = "1.1.6"

[[package]]
name = "github-review-demo"
version = "1.1.6"

[[package]]
name = "greentic-ai-demo"
version = "1.1.6"

[[package]]
name = "helpdesk-itsm-demo"
version = "1.1.6"

[[package]]
name = "hr-onboarding-demo"
version = "1.1.6"

[[package]]
name = "incident-demo"
version = "1.1.6"

[[package]]
name = "pet-daycare-demo"
version = "1.1.6"

[[package]]
name = "quickstart-demo"
version = "1.1.6"

[[package]]
name = "quickstart-event-demo"
version = "1.1.6"

[[package]]
name = "redbutton-demo"
version = "1.1.6"

[[package]]
name = "sales-crm-demo"
version = "1.1.6"

[[package]]
name = "supply-chain-demo"
version = "1.1.6"

[[package]]
name = "weather-mcp-demo"
version = "1.1.6"
